{
  "requires": true,
  "lockfileVersion": 1,
  "dependencies": {
    "jquery": {
      "version": "3.4.1",
      "resolved": "https://registry.npmjs.org/jquery/-/jquery-3.4.1.tgz",
      "integrity": "sha512-36+AdBzCL+y6qjw5Tx7HgzeGCzC81MDDgaUP8ld2zhx58HdqXGoBd+tHdrBMiyjGQs0Hxs/MLZTu/eHNJJuWPw=="
    },
    "parsleyjs": {
      "version": "2.9.1",
      "resolved": "https://registry.npmjs.org/parsleyjs/-/parsleyjs-2.9.1.tgz",
      "integrity": "sha512-2WSe+HsOZEPqXh9bFdi/vgWNQtGRRnAgS3v12qesMAabxVdLE7Oj7b+2UzcZ80eG23g1SxiMUH978Dk/wSkt+w==",
      "requires": {
        "jquery": "3.4.1"
      }
    }
  }
}
